Microsoft Visual Studio Solution File, Format Version 12.00
# Visual Studio Version 17
VisualStudioVersion = 17.5.2.0
MinimumVisualStudioVersion = 10.0.40219.1
Project("{FAE04EC0-301F-11D3-BF4B-00C04F79EFBC}") = "PatternMatchung with Regular expressions", "PatternMatchung with Regular expressions.csproj", "{29391BA3-D9F0-27AC-EF76-FFA63790022B}"
EndProject
Global
	GlobalSection(SolutionConfigurationPlatforms) = preSolution
		Debug|Any CPU = Debug|Any CPU
		Release|Any CPU = Release|Any CPU
	EndGlobalSection
	GlobalSection(ProjectConfigurationPlatforms) = postSolution
		{29391BA3-D9F0-27AC-EF76-FFA63790022B}.Debug|Any CPU.ActiveCfg = Debug|Any CPU
		{29391BA3-D9F0-27AC-EF76-FFA63790022B}.Debug|Any CPU.Build.0 = Debug|Any CPU
		{29391BA3-D9F0-27AC-EF76-FFA63790022B}.Release|Any CPU.ActiveCfg = Release|Any CPU
		{29391BA3-D9F0-27AC-EF76-FFA63790022B}.Release|Any CPU.Build.0 = Release|Any CPU
	EndGlobalSection
	GlobalSection(SolutionProperties) = preSolution
		HideSolutionNode = FALSE
	EndGlobalSection
	GlobalSection(ExtensibilityGlobals) = postSolution
		SolutionGuid = {0C6D495E-9B97-431F-9B2D-B90248E22486}
	EndGlobalSection
EndGlobal
